
Microsoft Visual Studio Solution File, Format Version 12.00
# Visual Studio Version 17
VisualStudioVersion = 17.13.35931.197
MinimumVisualStudioVersion = 10.0.40219.1
Project("{FAE04EC0-301F-11D3-BF4B-00C04F79EFBC}") = "AudioComponents", "AudioComponents\AudioComponents.csproj", "{898BE35F-5BEB-4F41-B494-49C86B3CC2BB}"
EndProject
Project("{FAE04EC0-301F-11D3-BF4B-00C04F79EFBC}") = "NAudioWrap", "NAudioWrap\NAudioWrap.csproj", "{B20AA090-6CFB-403E-9E6A-366F1080CCDB}"
EndProject
Global
	GlobalSection(SolutionConfigurationPlatforms) = preSolution
		Debug|Any CPU = Debug|Any CPU
		Release|Any CPU = Release|Any CPU
	EndGlobalSection
	GlobalSection(ProjectConfigurationPlatforms) = postSolution
		{898BE35F-5BEB-4F41-B494-49C86B3CC2BB}.Debug|Any CPU.ActiveCfg = Debug|Any CPU
		{898BE35F-5BEB-4F41-B494-49C86B3CC2BB}.Debug|Any CPU.Build.0 = Debug|Any CPU
		{898BE35F-5BEB-4F41-B494-49C86B3CC2BB}.Release|Any CPU.ActiveCfg = Release|Any CPU
		{898BE35F-5BEB-4F41-B494-49C86B3CC2BB}.Release|Any CPU.Build.0 = Release|Any CPU
		{B20AA090-6CFB-403E-9E6A-366F1080CCDB}.Debug|Any CPU.ActiveCfg = Debug|Any CPU
		{B20AA090-6CFB-403E-9E6A-366F1080CCDB}.Debug|Any CPU.Build.0 = Debug|Any CPU
		{B20AA090-6CFB-403E-9E6A-366F1080CCDB}.Release|Any CPU.ActiveCfg = Release|Any CPU
		{B20AA090-6CFB-403E-9E6A-366F1080CCDB}.Release|Any CPU.Build.0 = Release|Any CPU
	EndGlobalSection
	GlobalSection(SolutionProperties) = preSolution
		HideSolutionNode = FALSE
	EndGlobalSection
	GlobalSection(ExtensibilityGlobals) = postSolution
		SolutionGuid = {A638A87D-A263-4443-8F49-D7181B5A36F1}
	EndGlobalSection
EndGlobal
