
Microsoft Visual Studio Solution File, Format Version 12.00
# Visual Studio Version 17
VisualStudioVersion = 17.13.35931.197
MinimumVisualStudioVersion = 10.0.40219.1
Project("{FAE04EC0-301F-11D3-BF4B-00C04F79EFBC}") = "Cycle.Core", "Cycle.Core\Cycle.Core.csproj", "{299B1612-B52A-8E82-4BAC-4C42D4D5DE1C}"
EndProject
Project("{FAE04EC0-301F-11D3-BF4B-00C04F79EFBC}") = "Cycle.Midi", "Cycle.Midi\Cycle.Midi.csproj", "{00380415-AF5C-A584-9BBC-509E8821CECF}"
EndProject
Project("{FAE04EC0-301F-11D3-BF4B-00C04F79EFBC}") = "Cycle.Wasapi.NAudio", "Cycle.Wasapi.NAudio\Cycle.Wasapi.NAudio.csproj", "{83B441FA-C31A-3404-2879-DB47ECABEF8A}"
EndProject
Project("{FAE04EC0-301F-11D3-BF4B-00C04F79EFBC}") = "Playground", "Playground\Playground.csproj", "{C2A9552F-2EBE-4774-98DC-20C2838327CC}"
EndProject
Project("{FAE04EC0-301F-11D3-BF4B-00C04F79EFBC}") = "CrapWaveViewer", "CrapWaveViewer\CrapWaveViewer.csproj", "{E076E72C-9238-4EBC-A7D0-2021000A4C0F}"
EndProject
Global
	GlobalSection(SolutionConfigurationPlatforms) = preSolution
		Debug|Any CPU = Debug|Any CPU
		Release|Any CPU = Release|Any CPU
	EndGlobalSection
	GlobalSection(ProjectConfigurationPlatforms) = postSolution
		{299B1612-B52A-8E82-4BAC-4C42D4D5DE1C}.Debug|Any CPU.ActiveCfg = Debug|Any CPU
		{299B1612-B52A-8E82-4BAC-4C42D4D5DE1C}.Debug|Any CPU.Build.0 = Debug|Any CPU
		{299B1612-B52A-8E82-4BAC-4C42D4D5DE1C}.Release|Any CPU.ActiveCfg = Release|Any CPU
		{299B1612-B52A-8E82-4BAC-4C42D4D5DE1C}.Release|Any CPU.Build.0 = Release|Any CPU
		{00380415-AF5C-A584-9BBC-509E8821CECF}.Debug|Any CPU.ActiveCfg = Debug|Any CPU
		{00380415-AF5C-A584-9BBC-509E8821CECF}.Debug|Any CPU.Build.0 = Debug|Any CPU
		{00380415-AF5C-A584-9BBC-509E8821CECF}.Release|Any CPU.ActiveCfg = Release|Any CPU
		{00380415-AF5C-A584-9BBC-509E8821CECF}.Release|Any CPU.Build.0 = Release|Any CPU
		{83B441FA-C31A-3404-2879-DB47ECABEF8A}.Debug|Any CPU.ActiveCfg = Debug|Any CPU
		{83B441FA-C31A-3404-2879-DB47ECABEF8A}.Debug|Any CPU.Build.0 = Debug|Any CPU
		{83B441FA-C31A-3404-2879-DB47ECABEF8A}.Release|Any CPU.ActiveCfg = Release|Any CPU
		{83B441FA-C31A-3404-2879-DB47ECABEF8A}.Release|Any CPU.Build.0 = Release|Any CPU
		{C2A9552F-2EBE-4774-98DC-20C2838327CC}.Debug|Any CPU.ActiveCfg = Debug|Any CPU
		{C2A9552F-2EBE-4774-98DC-20C2838327CC}.Debug|Any CPU.Build.0 = Debug|Any CPU
		{C2A9552F-2EBE-4774-98DC-20C2838327CC}.Release|Any CPU.ActiveCfg = Release|Any CPU
		{C2A9552F-2EBE-4774-98DC-20C2838327CC}.Release|Any CPU.Build.0 = Release|Any CPU
		{E076E72C-9238-4EBC-A7D0-2021000A4C0F}.Debug|Any CPU.ActiveCfg = Debug|Any CPU
		{E076E72C-9238-4EBC-A7D0-2021000A4C0F}.Debug|Any CPU.Build.0 = Debug|Any CPU
		{E076E72C-9238-4EBC-A7D0-2021000A4C0F}.Release|Any CPU.ActiveCfg = Release|Any CPU
		{E076E72C-9238-4EBC-A7D0-2021000A4C0F}.Release|Any CPU.Build.0 = Release|Any CPU
	EndGlobalSection
	GlobalSection(SolutionProperties) = preSolution
		HideSolutionNode = FALSE
	EndGlobalSection
	GlobalSection(ExtensibilityGlobals) = postSolution
		SolutionGuid = {A638A87D-A263-4443-8F49-D7181B5A36F1}
	EndGlobalSection
EndGlobal
